// !$*UTF8*$!
{
	archiveVersion = 1;
	classes = {
	};
	objectVersion = 56;
	objects = {

/* Begin PBXBuildFile section */
		65034DDE2A7872FE00D34D41 /* MainTabView.swift in Sources */ = {isa = PBXBuildFile; fileRef = 65034DDD2A7872FE00D34D41 /* MainTabView.swift */; };
		65034DE12A78733400D34D41 /* SpendView.swift in Sources */ = {isa = PBXBuildFile; fileRef = 65034DE02A78733400D34D41 /* SpendView.swift */; };
		65034DE32A78734500D34D41 /* SpendMainView.swift in Sources */ = {isa = PBXBuildFile; fileRef = 65034DE22A78734400D34D41 /* SpendMainView.swift */; };
		65034DE62A78748600D34D41 /* SettingsView.swift in Sources */ = {isa = PBXBuildFile; fileRef = 65034DE52A78748600D34D41 /* SettingsView.swift */; };
		65034DE92A78779700D34D41 /* IncomeView.swift in Sources */ = {isa = PBXBuildFile; fileRef = 65034DE82A78779700D34D41 /* IncomeView.swift */; };
		65034DEC2A78797900D34D41 /* CardCustom.swift in Sources */ = {isa = PBXBuildFile; fileRef = 65034DEB2A78797900D34D41 /* CardCustom.swift */; };
		65034DEF2A787B0C00D34D41 /* SpendsView.swift in Sources */ = {isa = PBXBuildFile; fileRef = 65034DEE2A787B0C00D34D41 /* SpendsView.swift */; };
		65034DF82A7ED77300D34D41 /* CardAmountsView.swift in Sources */ = {isa = PBXBuildFile; fileRef = 65034DF72A7ED77300D34D41 /* CardAmountsView.swift */; };
		65034DFB2A7F009900D34D41 /* Model.xcdatamodeld in Sources */ = {isa = PBXBuildFile; fileRef = 65034DF92A7F009900D34D41 /* Model.xcdatamodeld */; };
		65034DFD2A7F04CD00D34D41 /* PersistenceController.swift in Sources */ = {isa = PBXBuildFile; fileRef = 65034DFC2A7F04CD00D34D41 /* PersistenceController.swift */; };
		65034DFF2A7F106D00D34D41 /* NewIncomeView.swift in Sources */ = {isa = PBXBuildFile; fileRef = 65034DFE2A7F106D00D34D41 /* NewIncomeView.swift */; };
		65034E012A7F1BB400D34D41 /* NewSpendView.swift in Sources */ = {isa = PBXBuildFile; fileRef = 65034E002A7F1BB400D34D41 /* NewSpendView.swift */; };
		651AC1372A91884A000D242E /* Utils.swift in Sources */ = {isa = PBXBuildFile; fileRef = 651AC1362A91884A000D242E /* Utils.swift */; };
		654193232A7583D700A75299 /* ToDoListApp.swift in Sources */ = {isa = PBXBuildFile; fileRef = 654193222A7583D700A75299 /* ToDoListApp.swift */; };
		654193252A7583D700A75299 /* ContentView.swift in Sources */ = {isa = PBXBuildFile; fileRef = 654193242A7583D700A75299 /* ContentView.swift */; };
		654193272A7583D900A75299 /* Assets.xcassets in Resources */ = {isa = PBXBuildFile; fileRef = 654193262A7583D900A75299 /* Assets.xcassets */; };
		6541932A2A7583D900A75299 /* Preview Assets.xcassets in Resources */ = {isa = PBXBuildFile; fileRef = 654193292A7583D900A75299 /* Preview Assets.xcassets */; };
		654193322A75842A00A75299 /* NoteModel.swift in Sources */ = {isa = PBXBuildFile; fileRef = 654193312A75842A00A75299 /* NoteModel.swift */; };
		654193352A7585F200A75299 /* NoteViewModel.swift in Sources */ = {isa = PBXBuildFile; fileRef = 654193342A7585F200A75299 /* NoteViewModel.swift */; };
		654193382A75B76900A75299 /* TaskView.swift in Sources */ = {isa = PBXBuildFile; fileRef = 654193372A75B76900A75299 /* TaskView.swift */; };
		6541933A2A75CFC400A75299 /* ToDoTask.swift in Sources */ = {isa = PBXBuildFile; fileRef = 654193392A75CFC400A75299 /* ToDoTask.swift */; };
		65785A1F2A982CE700D5F1D0 /* CircleResumeView.swift in Sources */ = {isa = PBXBuildFile; fileRef = 65785A1E2A982CE700D5F1D0 /* CircleResumeView.swift */; };
		658D03E82A84558E00375759 /* BalanceViewModel.swift in Sources */ = {isa = PBXBuildFile; fileRef = 658D03E72A84558E00375759 /* BalanceViewModel.swift */; };
		65BBC9F32AA81D6E0012B91B /* Constants.swift in Sources */ = {isa = PBXBuildFile; fileRef = 65BBC9F22AA81D6E0012B91B /* Constants.swift */; };
		65BBC9F52AA81DB80012B91B /* TaskState.swift in Sources */ = {isa = PBXBuildFile; fileRef = 65BBC9F42AA81DB80012B91B /* TaskState.swift */; };
		65BBC9F72AA81EA70012B91B /* TaskViewModel.swift in Sources */ = {isa = PBXBuildFile; fileRef = 65BBC9F62AA81EA70012B91B /* TaskViewModel.swift */; };
/* End PBXBuildFile section */

/* Begin PBXFileReference section */
		65034DDD2A7872FE00D34D41 /* MainTabView.swift */ = {isa = PBXFileReference; lastKnownFileType = sourcecode.swift; path = MainTabView.swift; sourceTree = "<group>"; };
		65034DE02A78733400D34D41 /* SpendView.swift */ = {isa = PBXFileReference; lastKnownFileType = sourcecode.swift; path = SpendView.swift; sourceTree = "<group>"; };
		65034DE22A78734400D34D41 /* SpendMainView.swift */ = {isa = PBXFileReference; lastKnownFileType = sourcecode.swift; path = SpendMainView.swift; sourceTree = "<group>"; };
		65034DE52A78748600D34D41 /* SettingsView.swift */ = {isa = PBXFileReference; lastKnownFileType = sourcecode.swift; path = SettingsView.swift; sourceTree = "<group>"; };
		65034DE82A78779700D34D41 /* IncomeView.swift */ = {isa = PBXFileReference; lastKnownFileType = sourcecode.swift; path = IncomeView.swift; sourceTree = "<group>"; };
		65034DEB2A78797900D34D41 /* CardCustom.swift */ = {isa = PBXFileReference; lastKnownFileType = sourcecode.swift; path = CardCustom.swift; sourceTree = "<group>"; };
		65034DEE2A787B0C00D34D41 /* SpendsView.swift */ = {isa = PBXFileReference; lastKnownFileType = sourcecode.swift; path = SpendsView.swift; sourceTree = "<group>"; };
		65034DF72A7ED77300D34D41 /* CardAmountsView.swift */ = {isa = PBXFileReference; lastKnownFileType = sourcecode.swift; path = CardAmountsView.swift; sourceTree = "<group>"; };
		65034DFA2A7F009900D34D41 /* Model.xcdatamodel */ = {isa = PBXFileReference; lastKnownFileType = wrapper.xcdatamodel; path = Model.xcdatamodel; sourceTree = "<group>"; };
		65034DFC2A7F04CD00D34D41 /* PersistenceController.swift */ = {isa = PBXFileReference; lastKnownFileType = sourcecode.swift; path = PersistenceController.swift; sourceTree = "<group>"; };
		65034DFE2A7F106D00D34D41 /* NewIncomeView.swift */ = {isa = PBXFileReference; lastKnownFileType = sourcecode.swift; path = NewIncomeView.swift; sourceTree = "<group>"; };
		65034E002A7F1BB400D34D41 /* NewSpendView.swift */ = {isa = PBXFileReference; lastKnownFileType = sourcecode.swift; path = NewSpendView.swift; sourceTree = "<group>"; };
		651AC1362A91884A000D242E /* Utils.swift */ = {isa = PBXFileReference; lastKnownFileType = sourcecode.swift; path = Utils.swift; sourceTree = "<group>"; };
		6541931F2A7583D700A75299 /* iBalance.app */ = {isa = PBXFileReference; explicitFileType = wrapper.application; includeInIndex = 0; path = iBalance.app; sourceTree = BUILT_PRODUCTS_DIR; };
		654193222A7583D700A75299 /* ToDoListApp.swift */ = {isa = PBXFileReference; lastKnownFileType = sourcecode.swift; path = ToDoListApp.swift; sourceTree = "<group>"; };
		654193242A7583D700A75299 /* ContentView.swift */ = {isa = PBXFileReference; lastKnownFileType = sourcecode.swift; path = ContentView.swift; sourceTree = "<group>"; };
		654193262A7583D900A75299 /* Assets.xcassets */ = {isa = PBXFileReference; lastKnownFileType = folder.assetcatalog; path = Assets.xcassets; sourceTree = "<group>"; };
		654193292A7583D900A75299 /* Preview Assets.xcassets */ = {isa = PBXFileReference; lastKnownFileType = folder.assetcatalog; path = "Preview Assets.xcassets"; sourceTree = "<group>"; };
		654193312A75842A00A75299 /* NoteModel.swift */ = {isa = PBXFileReference; lastKnownFileType = sourcecode.swift; path = NoteModel.swift; sourceTree = "<group>"; };
		654193342A7585F200A75299 /* NoteViewModel.swift */ = {isa = PBXFileReference; lastKnownFileType = sourcecode.swift; path = NoteViewModel.swift; sourceTree = "<group>"; };
		654193372A75B76900A75299 /* TaskView.swift */ = {isa = PBXFileReference; lastKnownFileType = sourcecode.swift; path = TaskView.swift; sourceTree = "<group>"; };
		654193392A75CFC400A75299 /* ToDoTask.swift */ = {isa = PBXFileReference; lastKnownFileType = sourcecode.swift; path = ToDoTask.swift; sourceTree = "<group>"; };
		65785A1E2A982CE700D5F1D0 /* CircleResumeView.swift */ = {isa = PBXFileReference; lastKnownFileType = sourcecode.swift; path = CircleResumeView.swift; sourceTree = "<group>"; };
		658D03E72A84558E00375759 /* BalanceViewModel.swift */ = {isa = PBXFileReference; lastKnownFileType = sourcecode.swift; path = BalanceViewModel.swift; sourceTree = "<group>"; };
		65BBC9F22AA81D6E0012B91B /* Constants.swift */ = {isa = PBXFileReference; lastKnownFileType = sourcecode.swift; path = Constants.swift; sourceTree = "<group>"; };
		65BBC9F42AA81DB80012B91B /* TaskState.swift */ = {isa = PBXFileReference; lastKnownFileType = sourcecode.swift; path = TaskState.swift; sourceTree = "<group>"; };
		65BBC9F62AA81EA70012B91B /* TaskViewModel.swift */ = {isa = PBXFileReference; lastKnownFileType = sourcecode.swift; path = TaskViewModel.swift; sourceTree = "<group>"; };
/* End PBXFileReference section */

/* Begin PBXFrameworksBuildPhase section */
		6541931C2A7583D700A75299 /* Frameworks */ = {
			isa = PBXFrameworksBuildPhase;
			buildActionMask = 2147483647;
			files = (
			);
			runOnlyForDeploymentPostprocessing = 0;
		};
/* End PBXFrameworksBuildPhase section */

/* Begin PBXGroup section */
		65034DDC2A7872F300D34D41 /* TabView */ = {
			isa = PBXGroup;
			children = (
				65034DDD2A7872FE00D34D41 /* MainTabView.swift */,
			);
			path = TabView;
			sourceTree = "<group>";
		};
		65034DDF2A78732600D34D41 /* Spend */ = {
			isa = PBXGroup;
			children = (
				65034DED2A787AFF00D34D41 /* Spends */,
				65034DE72A78778100D34D41 /* Outcome */,
				65034DE02A78733400D34D41 /* SpendView.swift */,
				65034DE22A78734400D34D41 /* SpendMainView.swift */,
				658D03E72A84558E00375759 /* BalanceViewModel.swift */,
			);
			path = Spend;
			sourceTree = "<group>";
		};
		65034DE42A78747700D34D41 /* Settings */ = {
			isa = PBXGroup;
			children = (
				65034DE52A78748600D34D41 /* SettingsView.swift */,
			);
			path = Settings;
			sourceTree = "<group>";
		};
		65034DE72A78778100D34D41 /* Outcome */ = {
			isa = PBXGroup;
			children = (
				65034DE82A78779700D34D41 /* IncomeView.swift */,
				65034DFE2A7F106D00D34D41 /* NewIncomeView.swift */,
			);
			path = Outcome;
			sourceTree = "<group>";
		};
		65034DEA2A78796900D34D41 /* Utils */ = {
			isa = PBXGroup;
			children = (
				65034DEB2A78797900D34D41 /* CardCustom.swift */,
				65034DF72A7ED77300D34D41 /* CardAmountsView.swift */,
				651AC1362A91884A000D242E /* Utils.swift */,
				65785A1E2A982CE700D5F1D0 /* CircleResumeView.swift */,
				65BBC9F22AA81D6E0012B91B /* Constants.swift */,
			);
			path = Utils;
			sourceTree = "<group>";
		};
		65034DED2A787AFF00D34D41 /* Spends */ = {
			isa = PBXGroup;
			children = (
				65034DEE2A787B0C00D34D41 /* SpendsView.swift */,
				65034E002A7F1BB400D34D41 /* NewSpendView.swift */,
			);
			path = Spends;
			sourceTree = "<group>";
		};
		654193162A7583D700A75299 = {
			isa = PBXGroup;
			children = (
				654193212A7583D700A75299 /* ToDoList */,
				654193202A7583D700A75299 /* Products */,
			);
			sourceTree = "<group>";
		};
		654193202A7583D700A75299 /* Products */ = {
			isa = PBXGroup;
			children = (
				6541931F2A7583D700A75299 /* iBalance.app */,
			);
			name = Products;
			sourceTree = "<group>";
		};
		654193212A7583D700A75299 /* ToDoList */ = {
			isa = PBXGroup;
			children = (
				65034DEA2A78796900D34D41 /* Utils */,
				65034DE42A78747700D34D41 /* Settings */,
				65034DDF2A78732600D34D41 /* Spend */,
				65034DDC2A7872F300D34D41 /* TabView */,
				654193362A75B75C00A75299 /* Task */,
				654193332A7585E600A75299 /* ViewModel */,
				654193302A75842000A75299 /* Model */,
				654193222A7583D700A75299 /* ToDoListApp.swift */,
				654193242A7583D700A75299 /* ContentView.swift */,
				654193262A7583D900A75299 /* Assets.xcassets */,
				654193282A7583D900A75299 /* Preview Content */,
				65034DF92A7F009900D34D41 /* Model.xcdatamodeld */,
			);
			path = ToDoList;
			sourceTree = "<group>";
		};
		654193282A7583D900A75299 /* Preview Content */ = {
			isa = PBXGroup;
			children = (
				654193292A7583D900A75299 /* Preview Assets.xcassets */,
			);
			path = "Preview Content";
			sourceTree = "<group>";
		};
		654193302A75842000A75299 /* Model */ = {
			isa = PBXGroup;
			children = (
				654193312A75842A00A75299 /* NoteModel.swift */,
				65034DFC2A7F04CD00D34D41 /* PersistenceController.swift */,
				65BBC9F42AA81DB80012B91B /* TaskState.swift */,
			);
			path = Model;
			sourceTree = "<group>";
		};
		654193332A7585E600A75299 /* ViewModel */ = {
			isa = PBXGroup;
			children = (
				654193342A7585F200A75299 /* NoteViewModel.swift */,
				65BBC9F62AA81EA70012B91B /* TaskViewModel.swift */,
			);
			path = ViewModel;
			sourceTree = "<group>";
		};
		654193362A75B75C00A75299 /* Task */ = {
			isa = PBXGroup;
			children = (
				654193372A75B76900A75299 /* TaskView.swift */,
				654193392A75CFC400A75299 /* ToDoTask.swift */,
			);
			path = Task;
			sourceTree = "<group>";
		};
/* End PBXGroup section */

/* Begin PBXNativeTarget section */
		6541931E2A7583D700A75299 /* ToDoList */ = {
			isa = PBXNativeTarget;
			buildConfigurationList = 6541932D2A7583D900A75299 /* Build configuration list for PBXNativeTarget "ToDoList" */;
			buildPhases = (
				6541931B2A7583D700A75299 /* Sources */,
				6541931C2A7583D700A75299 /* Frameworks */,
				6541931D2A7583D700A75299 /* Resources */,
			);
			buildRules = (
			);
			dependencies = (
			);
			name = ToDoList;
			productName = ToDoList;
			productReference = 6541931F2A7583D700A75299 /* iBalance.app */;
			productType = "com.apple.product-type.application";
		};
/* End PBXNativeTarget section */

/* Begin PBXProject section */
		654193172A7583D700A75299 /* Project object */ = {
			isa = PBXProject;
			attributes = {
				BuildIndependentTargetsInParallel = 1;
				LastSwiftUpdateCheck = 1430;
				LastUpgradeCheck = 1430;
				TargetAttributes = {
					6541931E2A7583D700A75299 = {
						CreatedOnToolsVersion = 14.3.1;
					};
				};
			};
			buildConfigurationList = 6541931A2A7583D700A75299 /* Build configuration list for PBXProject "ToDoList" */;
			compatibilityVersion = "Xcode 14.0";
			developmentRegion = en;
			hasScannedForEncodings = 0;
			knownRegions = (
				en,
				Base,
			);
			mainGroup = 654193162A7583D700A75299;
			productRefGroup = 654193202A7583D700A75299 /* Products */;
			projectDirPath = "";
			projectRoot = "";
			targets = (
				6541931E2A7583D700A75299 /* ToDoList */,
			);
		};
/* End PBXProject section */

/* Begin PBXResourcesBuildPhase section */
		6541931D2A7583D700A75299 /* Resources */ = {
			isa = PBXResourcesBuildPhase;
			buildActionMask = 2147483647;
			files = (
				6541932A2A7583D900A75299 /* Preview Assets.xcassets in Resources */,
				654193272A7583D900A75299 /* Assets.xcassets in Resources */,
			);
			runOnlyForDeploymentPostprocessing = 0;
		};
/* End PBXResourcesBuildPhase section */

/* Begin PBXSourcesBuildPhase section */
		6541931B2A7583D700A75299 /* Sources */ = {
			isa = PBXSourcesBuildPhase;
			buildActionMask = 2147483647;
			files = (
				65034DF82A7ED77300D34D41 /* CardAmountsView.swift in Sources */,
				65BBC9F32AA81D6E0012B91B /* Constants.swift in Sources */,
				65034DEC2A78797900D34D41 /* CardCustom.swift in Sources */,
				65034DE92A78779700D34D41 /* IncomeView.swift in Sources */,
				65BBC9F52AA81DB80012B91B /* TaskState.swift in Sources */,
				65034DFB2A7F009900D34D41 /* Model.xcdatamodeld in Sources */,
				6541933A2A75CFC400A75299 /* ToDoTask.swift in Sources */,
				654193352A7585F200A75299 /* NoteViewModel.swift in Sources */,
				654193252A7583D700A75299 /* ContentView.swift in Sources */,
				658D03E82A84558E00375759 /* BalanceViewModel.swift in Sources */,
				654193322A75842A00A75299 /* NoteModel.swift in Sources */,
				65034DEF2A787B0C00D34D41 /* SpendsView.swift in Sources */,
				65034DE32A78734500D34D41 /* SpendMainView.swift in Sources */,
				65BBC9F72AA81EA70012B91B /* TaskViewModel.swift in Sources */,
				65034DFF2A7F106D00D34D41 /* NewIncomeView.swift in Sources */,
				65034DE62A78748600D34D41 /* SettingsView.swift in Sources */,
				65034DFD2A7F04CD00D34D41 /* PersistenceController.swift in Sources */,
				65034DDE2A7872FE00D34D41 /* MainTabView.swift in Sources */,
				651AC1372A91884A000D242E /* Utils.swift in Sources */,
				65034E012A7F1BB400D34D41 /* NewSpendView.swift in Sources */,
				65785A1F2A982CE700D5F1D0 /* CircleResumeView.swift in Sources */,
				654193382A75B76900A75299 /* TaskView.swift in Sources */,
				654193232A7583D700A75299 /* ToDoListApp.swift in Sources */,
				65034DE12A78733400D34D41 /* SpendView.swift in Sources */,
			);
			runOnlyForDeploymentPostprocessing = 0;
		};
/* End PBXSourcesBuildPhase section */

/* Begin XCBuildConfiguration section */
		6541932B2A7583D900A75299 /* Debug */ = {
			isa = XCBuildConfiguration;
			buildSettings = {
				ALWAYS_SEARCH_USER_PATHS = NO;
				CLANG_ANALYZER_NONNULL = YES;
				CLANG_ANALYZER_NUMBER_OBJECT_CONVERSION = YES_AGGRESSIVE;
				CLANG_CXX_LANGUAGE_STANDARD = "gnu++20";
				CLANG_ENABLE_MODULES = YES;
				CLANG_ENABLE_OBJC_ARC = YES;
				CLANG_ENABLE_OBJC_WEAK = YES;
				CLANG_WARN_BLOCK_CAPTURE_AUTORELEASING = YES;
				CLANG_WARN_BOOL_CONVERSION = YES;
				CLANG_WARN_COMMA = YES;
				CLANG_WARN_CONSTANT_CONVERSION = YES;
				CLANG_WARN_DEPRECATED_OBJC_IMPLEMENTATIONS = YES;
				CLANG_WARN_DIRECT_OBJC_ISA_USAGE = YES_ERROR;
				CLANG_WARN_DOCUMENTATION_COMMENTS = YES;
				CLANG_WARN_EMPTY_BODY = YES;
				CLANG_WARN_ENUM_CONVERSION = YES;
				CLANG_WARN_INFINITE_RECURSION = YES;
				CLANG_WARN_INT_CONVERSION = YES;
				CLANG_WARN_NON_LITERAL_NULL_CONVERSION = YES;
				CLANG_WARN_OBJC_IMPLICIT_RETAIN_SELF = YES;
				CLANG_WARN_OBJC_LITERAL_CONVERSION = YES;
				CLANG_WARN_OBJC_ROOT_CLASS = YES_ERROR;
				CLANG_WARN_QUOTED_INCLUDE_IN_FRAMEWORK_HEADER = YES;
				CLANG_WARN_RANGE_LOOP_ANALYSIS = YES;
				CLANG_WARN_STRICT_PROTOTYPES = YES;
				CLANG_WARN_SUSPICIOUS_MOVE = YES;
				CLANG_WARN_UNGUARDED_AVAILABILITY = YES_AGGRESSIVE;
				CLANG_WARN_UNREACHABLE_CODE = YES;
				CLANG_WARN__DUPLICATE_METHOD_MATCH = YES;
				COPY_PHASE_STRIP = NO;
				DEBUG_INFORMATION_FORMAT = dwarf;
				ENABLE_STRICT_OBJC_MSGSEND = YES;
				ENABLE_TESTABILITY = YES;
				GCC_C_LANGUAGE_STANDARD = gnu11;
				GCC_DYNAMIC_NO_PIC = NO;
				GCC_NO_COMMON_BLOCKS = YES;
				GCC_OPTIMIZATION_LEVEL = 0;
				GCC_PREPROCESSOR_DEFINITIONS = (
					"DEBUG=1",
					"$(inherited)",
				);
				GCC_WARN_64_TO_32_BIT_CONVERSION = YES;
				GCC_WARN_ABOUT_RETURN_TYPE = YES_ERROR;
				GCC_WARN_UNDECLARED_SELECTOR = YES;
				GCC_WARN_UNINITIALIZED_AUTOS = YES_AGGRESSIVE;
				GCC_WARN_UNUSED_FUNCTION = YES;
				GCC_WARN_UNUSED_VARIABLE = YES;
				IPHONEOS_DEPLOYMENT_TARGET = 16.4;
				MTL_ENABLE_DEBUG_INFO = INCLUDE_SOURCE;
				MTL_FAST_MATH = YES;
				ONLY_ACTIVE_ARCH = YES;
				SDKROOT = iphoneos;
				SWIFT_ACTIVE_COMPILATION_CONDITIONS = DEBUG;
				SWIFT_OPTIMIZATION_LEVEL = "-Onone";
			};
			name = Debug;
		};
		6541932C2A7583D900A75299 /* Release */ = {
			isa = XCBuildConfiguration;
			buildSettings = {
				ALWAYS_SEARCH_USER_PATHS = NO;
				CLANG_ANALYZER_NONNULL = YES;
				CLANG_ANALYZER_NUMBER_OBJECT_CONVERSION = YES_AGGRESSIVE;
				CLANG_CXX_LANGUAGE_STANDARD = "gnu++20";
				CLANG_ENABLE_MODULES = YES;
				CLANG_ENABLE_OBJC_ARC = YES;
				CLANG_ENABLE_OBJC_WEAK = YES;
				CLANG_WARN_BLOCK_CAPTURE_AUTORELEASING = YES;
				CLANG_WARN_BOOL_CONVERSION = YES;
				CLANG_WARN_COMMA = YES;
				CLANG_WARN_CONSTANT_CONVERSION = YES;
				CLANG_WARN_DEPRECATED_OBJC_IMPLEMENTATIONS = YES;
				CLANG_WARN_DIRECT_OBJC_ISA_USAGE = YES_ERROR;
				CLANG_WARN_DOCUMENTATION_COMMENTS = YES;
				CLANG_WARN_EMPTY_BODY = YES;
				CLANG_WARN_ENUM_CONVERSION = YES;
				CLANG_WARN_INFINITE_RECURSION = YES;
				CLANG_WARN_INT_CONVERSION = YES;
				CLANG_WARN_NON_LITERAL_NULL_CONVERSION = YES;
				CLANG_WARN_OBJC_IMPLICIT_RETAIN_SELF = YES;
				CLANG_WARN_OBJC_LITERAL_CONVERSION = YES;
				CLANG_WARN_OBJC_ROOT_CLASS = YES_ERROR;
				CLANG_WARN_QUOTED_INCLUDE_IN_FRAMEWORK_HEADER = YES;
				CLANG_WARN_RANGE_LOOP_ANALYSIS = YES;
				CLANG_WARN_STRICT_PROTOTYPES = YES;
				CLANG_WARN_SUSPICIOUS_MOVE = YES;
				CLANG_WARN_UNGUARDED_AVAILABILITY = YES_AGGRESSIVE;
				CLANG_WARN_UNREACHABLE_CODE = YES;
				CLANG_WARN__DUPLICATE_METHOD_MATCH = YES;
				COPY_PHASE_STRIP = NO;
				DEBUG_INFORMATION_FORMAT = "dwarf-with-dsym";
				ENABLE_NS_ASSERTIONS = NO;
				ENABLE_STRICT_OBJC_MSGSEND = YES;
				GCC_C_LANGUAGE_STANDARD = gnu11;
				GCC_NO_COMMON_BLOCKS = YES;
				GCC_WARN_64_TO_32_BIT_CONVERSION = YES;
				GCC_WARN_ABOUT_RETURN_TYPE = YES_ERROR;
				GCC_WARN_UNDECLARED_SELECTOR = YES;
				GCC_WARN_UNINITIALIZED_AUTOS = YES_AGGRESSIVE;
				GCC_WARN_UNUSED_FUNCTION = YES;
				GCC_WARN_UNUSED_VARIABLE = YES;
				IPHONEOS_DEPLOYMENT_TARGET = 16.4;
				MTL_ENABLE_DEBUG_INFO = NO;
				MTL_FAST_MATH = YES;
				SDKROOT = iphoneos;
				SWIFT_COMPILATION_MODE = wholemodule;
				SWIFT_OPTIMIZATION_LEVEL = "-O";
				VALIDATE_PRODUCT = YES;
			};
			name = Release;
		};
		6541932E2A7583D900A75299 /* Debug */ = {
			isa = XCBuildConfiguration;
			buildSettings = {
				ASSETCATALOG_COMPILER_APPICON_NAME = AppIcon;
				ASSETCATALOG_COMPILER_GLOBAL_ACCENT_COLOR_NAME = AccentColor;
				CODE_SIGN_STYLE = Automatic;
				CURRENT_PROJECT_VERSION = 1;
				DEVELOPMENT_ASSET_PATHS = "\"ToDoList/Preview Content\"";
				DEVELOPMENT_TEAM = 6M9P67Y6CB;
				ENABLE_PREVIEWS = YES;
				GENERATE_INFOPLIST_FILE = YES;
				INFOPLIST_KEY_UIApplicationSceneManifest_Generation = YES;
				INFOPLIST_KEY_UIApplicationSupportsIndirectInputEvents = YES;
				INFOPLIST_KEY_UILaunchScreen_Generation = YES;
				INFOPLIST_KEY_UISupportedInterfaceOrientations = UIInterfaceOrientationPortrait;
				INFOPLIST_KEY_UISupportedInterfaceOrientations_iPad = "UIInterfaceOrientationPortrait UIInterfaceOrientationPortraitUpsideDown";
				IPHONEOS_DEPLOYMENT_TARGET = 16.0;
				LD_RUNPATH_SEARCH_PATHS = (
					"$(inherited)",
					"@executable_path/Frameworks",
				);
				MARKETING_VERSION = 1.0;
				PRODUCT_BUNDLE_IDENTIFIER = com.gscapin.ToDoList;
				PRODUCT_NAME = iBalance;
				SWIFT_EMIT_LOC_STRINGS = YES;
				SWIFT_VERSION = 5.0;
				TARGETED_DEVICE_FAMILY = "1,2";
			};
			name = Debug;
		};
		6541932F2A7583D900A75299 /* Release */ = {
			isa = XCBuildConfiguration;
			buildSettings = {
				ASSETCATALOG_COMPILER_APPICON_NAME = AppIcon;
				ASSETCATALOG_COMPILER_GLOBAL_ACCENT_COLOR_NAME = AccentColor;
				CODE_SIGN_STYLE = Automatic;
				CURRENT_PROJECT_VERSION = 1;
				DEVELOPMENT_ASSET_PATHS = "\"ToDoList/Preview Content\"";
				DEVELOPMENT_TEAM = 6M9P67Y6CB;
				ENABLE_PREVIEWS = YES;
				GENERATE_INFOPLIST_FILE = YES;
				INFOPLIST_KEY_UIApplicationSceneManifest_Generation = YES;
				INFOPLIST_KEY_UIApplicationSupportsIndirectInputEvents = YES;
				INFOPLIST_KEY_UILaunchScreen_Generation = YES;
				INFOPLIST_KEY_UISupportedInterfaceOrientations = UIInterfaceOrientationPortrait;
				INFOPLIST_KEY_UISupportedInterfaceOrientations_iPad = "UIInterfaceOrientationPortrait UIInterfaceOrientationPortraitUpsideDown";
				IPHONEOS_DEPLOYMENT_TARGET = 16.0;
				LD_RUNPATH_SEARCH_PATHS = (
					"$(inherited)",
					"@executable_path/Frameworks",
				);
				MARKETING_VERSION = 1.0;
				PRODUCT_BUNDLE_IDENTIFIER = com.gscapin.ToDoList;
				PRODUCT_NAME = iBalance;
				SWIFT_EMIT_LOC_STRINGS = YES;
				SWIFT_VERSION = 5.0;
				TARGETED_DEVICE_FAMILY = "1,2";
			};
			name = Release;
		};
/* End XCBuildConfiguration section */

/* Begin XCConfigurationList section */
		6541931A2A7583D700A75299 /* Build configuration list for PBXProject "ToDoList" */ = {
			isa = XCConfigurationList;
			buildConfigurations = (
				6541932B2A7583D900A75299 /* Debug */,
				6541932C2A7583D900A75299 /* Release */,
			);
			defaultConfigurationIsVisible = 0;
			defaultConfigurationName = Release;
		};
		6541932D2A7583D900A75299 /* Build configuration list for PBXNativeTarget "ToDoList" */ = {
			isa = XCConfigurationList;
			buildConfigurations = (
				6541932E2A7583D900A75299 /* Debug */,
				6541932F2A7583D900A75299 /* Release */,
			);
			defaultConfigurationIsVisible = 0;
			defaultConfigurationName = Release;
		};
/* End XCConfigurationList section */

/* Begin XCVersionGroup section */
		65034DF92A7F009900D34D41 /* Model.xcdatamodeld */ = {
			isa = XCVersionGroup;
			children = (
				65034DFA2A7F009900D34D41 /* Model.xcdatamodel */,
			);
			currentVersion = 65034DFA2A7F009900D34D41 /* Model.xcdatamodel */;
			path = Model.xcdatamodeld;
			sourceTree = "<group>";
			versionGroupType = wrapper.xcdatamodel;
		};
/* End XCVersionGroup section */
	};
	rootObject = 654193172A7583D700A75299 /* Project object */;
}
